
Microsoft Visual Studio Solution File, Format Version 12.00
# Visual Studio Version 16
VisualStudioVersion = 16.0.30413.136
MinimumVisualStudioVersion = 10.0.40219.1
Project("{888888A0-9F3D-457C-B088-3A5042F75D52}") = "BlackJack", "BlackJack.pyproj", "{DB744467-714B-44AA-B0A6-A99DD7C43C11}"
EndProject
Global
	GlobalSection(SolutionConfigurationPlatforms) = preSolution
		Debug|Any CPU = Debug|Any CPU
		Release|Any CPU = Release|Any CPU
	EndGlobalSection
	GlobalSection(ProjectConfigurationPlatforms) = postSolution
		{DB744467-714B-44AA-B0A6-A99DD7C43C11}.Debug|Any CPU.ActiveCfg = Debug|Any CPU
		{DB744467-714B-44AA-B0A6-A99DD7C43C11}.Release|Any CPU.ActiveCfg = Release|Any CPU
	EndGlobalSection
	GlobalSection(SolutionProperties) = preSolution
		HideSolutionNode = FALSE
	EndGlobalSection
	GlobalSection(ExtensibilityGlobals) = postSolution
		SolutionGuid = {97FF90F4-17FC-4F53-81C5-E1CEC3E030F3}
	EndGlobalSection
EndGlobal
